
Microsoft Visual Studio Solution File, Format Version 12.00
# Visual Studio Version 17
VisualStudioVersion = 17.6.33712.159
MinimumVisualStudioVersion = 10.0.40219.1
Project("{9A19103F-16F7-4668-BE54-9A1E7A4F7556}") = "QuantumQuery.Console", "QuantumQuery.Console\QuantumQuery.Console.csproj", "{0B13E89E-3672-4296-953B-E4B46A7FE4B8}"
EndProject
Project("{2150E333-8FDC-42A3-9474-1A3956D46DE8}") = "Console", "Console", "{9E975153-48FC-40A4-972C-24912C98A3AA}"
EndProject
Project("{9A19103F-16F7-4668-BE54-9A1E7A4F7556}") = "QuantumQuery.Core", "QuantumQuery.Core\QuantumQuery.Core.csproj", "{783658B3-DD62-4C6B-BB40-356509A6D3D1}"
EndProject
Project("{9A19103F-16F7-4668-BE54-9A1E7A4F7556}") = "QuantumQuery.Core.JSONConvertor", "QuantumQuery.Core.JSONConvertor\QuantumQuery.Core.JSONConvertor.csproj", "{BD65B090-5B85-4B7C-BF1E-70DD92853955}"
EndProject
Project("{9A19103F-16F7-4668-BE54-9A1E7A4F7556}") = "QuantumQuery.WPF", "QuantumQuery.WPF\QuantumQuery.WPF.csproj", "{5D7084D4-623A-41AA-A182-667DBBD86E04}"
EndProject
Project("{9A19103F-16F7-4668-BE54-9A1E7A4F7556}") = "QuantumQuery.DAl.LiteDB", "QuantumQuery.DAl.LiteDB\QuantumQuery.DAl.LiteDB.csproj", "{D259053B-1279-48C8-A78A-72E81085C67A}"
EndProject
Project("{9A19103F-16F7-4668-BE54-9A1E7A4F7556}") = "QuantumQuery.Core.LiteDB", "QuantumQuery.Core.LiteDB\QuantumQuery.Core.LiteDB.csproj", "{9981F97B-6654-4999-9172-8D237E4455E7}"
EndProject
Project("{2150E333-8FDC-42A3-9474-1A3956D46DE8}") = "LiteDB", "LiteDB", "{C4E45F06-82FD-4A07-B389-48BBF6B41DED}"
EndProject
Project("{FAE04EC0-301F-11D3-BF4B-00C04F79EFBC}") = "QuantumQuery.DAL.SQLite", "QuantumQuery.DAL.SQLite\QuantumQuery.DAL.SQLite.csproj", "{4F60D966-7652-4AF2-9B6A-5184CC51D910}"
EndProject
Project("{FAE04EC0-301F-11D3-BF4B-00C04F79EFBC}") = "QuantumQuery.Core.SQLite", "QuantumQuery.Core.SQLite\QuantumQuery.Core.SQLite.csproj", "{023D27D1-D6BA-4B46-9DA1-F477CC51866E}"
EndProject
Global
	GlobalSection(SolutionConfigurationPlatforms) = preSolution
		Debug|Any CPU = Debug|Any CPU
		Release|Any CPU = Release|Any CPU
	EndGlobalSection
	GlobalSection(ProjectConfigurationPlatforms) = postSolution
		{0B13E89E-3672-4296-953B-E4B46A7FE4B8}.Debug|Any CPU.ActiveCfg = Debug|Any CPU
		{0B13E89E-3672-4296-953B-E4B46A7FE4B8}.Debug|Any CPU.Build.0 = Debug|Any CPU
		{0B13E89E-3672-4296-953B-E4B46A7FE4B8}.Release|Any CPU.ActiveCfg = Release|Any CPU
		{0B13E89E-3672-4296-953B-E4B46A7FE4B8}.Release|Any CPU.Build.0 = Release|Any CPU
		{783658B3-DD62-4C6B-BB40-356509A6D3D1}.Debug|Any CPU.ActiveCfg = Debug|Any CPU
		{783658B3-DD62-4C6B-BB40-356509A6D3D1}.Debug|Any CPU.Build.0 = Debug|Any CPU
		{783658B3-DD62-4C6B-BB40-356509A6D3D1}.Release|Any CPU.ActiveCfg = Release|Any CPU
		{783658B3-DD62-4C6B-BB40-356509A6D3D1}.Release|Any CPU.Build.0 = Release|Any CPU
		{BD65B090-5B85-4B7C-BF1E-70DD92853955}.Debug|Any CPU.ActiveCfg = Debug|Any CPU
		{BD65B090-5B85-4B7C-BF1E-70DD92853955}.Debug|Any CPU.Build.0 = Debug|Any CPU
		{BD65B090-5B85-4B7C-BF1E-70DD92853955}.Release|Any CPU.ActiveCfg = Release|Any CPU
		{BD65B090-5B85-4B7C-BF1E-70DD92853955}.Release|Any CPU.Build.0 = Release|Any CPU
		{5D7084D4-623A-41AA-A182-667DBBD86E04}.Debug|Any CPU.ActiveCfg = Debug|Any CPU
		{5D7084D4-623A-41AA-A182-667DBBD86E04}.Debug|Any CPU.Build.0 = Debug|Any CPU
		{5D7084D4-623A-41AA-A182-667DBBD86E04}.Release|Any CPU.ActiveCfg = Release|Any CPU
		{5D7084D4-623A-41AA-A182-667DBBD86E04}.Release|Any CPU.Build.0 = Release|Any CPU
		{D259053B-1279-48C8-A78A-72E81085C67A}.Debug|Any CPU.ActiveCfg = Debug|Any CPU
		{D259053B-1279-48C8-A78A-72E81085C67A}.Debug|Any CPU.Build.0 = Debug|Any CPU
		{D259053B-1279-48C8-A78A-72E81085C67A}.Release|Any CPU.ActiveCfg = Release|Any CPU
		{D259053B-1279-48C8-A78A-72E81085C67A}.Release|Any CPU.Build.0 = Release|Any CPU
		{9981F97B-6654-4999-9172-8D237E4455E7}.Debug|Any CPU.ActiveCfg = Debug|Any CPU
		{9981F97B-6654-4999-9172-8D237E4455E7}.Debug|Any CPU.Build.0 = Debug|Any CPU
		{9981F97B-6654-4999-9172-8D237E4455E7}.Release|Any CPU.ActiveCfg = Release|Any CPU
		{9981F97B-6654-4999-9172-8D237E4455E7}.Release|Any CPU.Build.0 = Release|Any CPU
		{4F60D966-7652-4AF2-9B6A-5184CC51D910}.Debug|Any CPU.ActiveCfg = Debug|Any CPU
		{4F60D966-7652-4AF2-9B6A-5184CC51D910}.Debug|Any CPU.Build.0 = Debug|Any CPU
		{4F60D966-7652-4AF2-9B6A-5184CC51D910}.Release|Any CPU.ActiveCfg = Release|Any CPU
		{4F60D966-7652-4AF2-9B6A-5184CC51D910}.Release|Any CPU.Build.0 = Release|Any CPU
		{023D27D1-D6BA-4B46-9DA1-F477CC51866E}.Debug|Any CPU.ActiveCfg = Debug|Any CPU
		{023D27D1-D6BA-4B46-9DA1-F477CC51866E}.Debug|Any CPU.Build.0 = Debug|Any CPU
		{023D27D1-D6BA-4B46-9DA1-F477CC51866E}.Release|Any CPU.ActiveCfg = Release|Any CPU
		{023D27D1-D6BA-4B46-9DA1-F477CC51866E}.Release|Any CPU.Build.0 = Release|Any CPU
	EndGlobalSection
	GlobalSection(SolutionProperties) = preSolution
		HideSolutionNode = FALSE
	EndGlobalSection
	GlobalSection(NestedProjects) = preSolution
		{0B13E89E-3672-4296-953B-E4B46A7FE4B8} = {9E975153-48FC-40A4-972C-24912C98A3AA}
		{D259053B-1279-48C8-A78A-72E81085C67A} = {C4E45F06-82FD-4A07-B389-48BBF6B41DED}
		{9981F97B-6654-4999-9172-8D237E4455E7} = {C4E45F06-82FD-4A07-B389-48BBF6B41DED}
	EndGlobalSection
	GlobalSection(ExtensibilityGlobals) = postSolution
		SolutionGuid = {A1646D1C-FC94-4C86-848C-7B3E5879C65B}
	EndGlobalSection
EndGlobal
